{
  "name": "cometchat-pro-vue-ui-kit",
  "version": "2.3.0-1",
  "lockfileVersion": 1,
  "requires": true,
  "dependencies": {
    "@babel/polyfill": {
      "version": "7.2.5",
      "resolved": "https://registry.npmjs.org/@babel/polyfill/-/polyfill-7.2.5.tgz",
      "integrity": "sha512-8Y/t3MWThtMLYr0YNC/Q76tqN1w30+b0uQMeFUYauG2UGTR19zyUtFrAzT23zNtBxPp+LbE5E/nwV/q/r3y6ug==",
      "requires": {
        "core-js": "^2.5.7",
        "regenerator-runtime": "^0.12.0"
      }
    },
    "@babel/runtime": {
      "version": "7.3.4",
      "resolved": "https://registry.npmjs.org/@babel/runtime/-/runtime-7.3.4.tgz",
      "integrity": "sha512-IvfvnMdSaLBateu0jfsYIpZTxAc2cKEXEMiezGGN75QcBcecDUKd3PgLAncT0oOgxKy8dd8hrJKj9MfzgfZd6g==",
      "requires": {
        "regenerator-runtime": "^0.12.0"
      }
    },
    "@cometchat-pro/chat": {
      "version": "2.3.0",
      "resolved": "https://registry.npmjs.org/@cometchat-pro/chat/-/chat-2.3.0.tgz",
      "integrity": "sha512-jXvfsUkv69wnnOk53HeoBO1JECPCzxPrK9Hs9cJfrjhEJscWjKy4PyYb0VmD4o+olxZk81enLbCB5dseYtkosw=="
    },
    "core-js": {
      "version": "2.6.12",
      "resolved": "https://registry.npmjs.org/core-js/-/core-js-2.6.12.tgz",
      "integrity": "sha512-Kb2wC0fvsWfQrgk8HU5lW6U/Lcs8+9aaYcy4ZFc6DDlo4nZ7n70dEgE5rtR0oG6ufKDUnrwfWL1mXR5ljDatrQ=="
    },
    "dateformat": {
      "version": "4.5.1",
      "resolved": "https://registry.npmjs.org/dateformat/-/dateformat-4.5.1.tgz",
      "integrity": "sha512-OD0TZ+B7yP7ZgpJf5K2DIbj3FZvFvxgFUuaqA/V5zTjAtAAXZ1E8bktHxmAGs4x5b7PflqA9LeQ84Og7wYtF7Q=="
    },
    "emoji-mart-vue-fast": {
      "version": "7.0.7",
      "resolved": "https://registry.npmjs.org/emoji-mart-vue-fast/-/emoji-mart-vue-fast-7.0.7.tgz",
      "integrity": "sha512-Nrk4IOjKcKKYyMnRm4lreEiPpvDX+h3FKI86SYs05dCFZ0WZIMTGok26dtWvJqseTThS1UghsNEjM4HrfDjIJg==",
      "requires": {
        "@babel/polyfill": "7.2.5",
        "@babel/runtime": "7.3.4",
        "vue-virtual-scroller": "^1.0.0-rc.2"
      }
    },
    "exec-sh": {
      "version": "0.2.2",
      "resolved": "https://registry.npmjs.org/exec-sh/-/exec-sh-0.2.2.tgz",
      "integrity": "sha512-FIUCJz1RbuS0FKTdaAafAByGS0CPvU3R0MeHxgtl+djzCc//F8HakL8GzmVNZanasTbTAY/3DRFA0KpVqj/eAw==",
      "dev": true,
      "requires": {
        "merge": "^1.2.0"
      }
    },
    "fs-extra": {
      "version": "8.1.0",
      "resolved": "https://registry.npmjs.org/fs-extra/-/fs-extra-8.1.0.tgz",
      "integrity": "sha512-yhlQgA6mnOJUKOsRUFsgJdQCvkKhcz8tlZG5HBQfReYZy46OwLcY+Zia0mtdHsOo9y/hP+CxMN0TU9QxoOtG4g==",
      "requires": {
        "graceful-fs": "^4.2.0",
        "jsonfile": "^4.0.0",
        "universalify": "^0.1.0"
      },
      "dependencies": {
        "jsonfile": {
          "version": "4.0.0",
          "resolved": "https://registry.npmjs.org/jsonfile/-/jsonfile-4.0.0.tgz",
          "integrity": "sha1-h3Gq4HmbZAdrdmQPygWPnBDjPss=",
          "requires": {
            "graceful-fs": "^4.1.6"
          }
        }
      }
    },
    "graceful-fs": {
      "version": "4.2.6",
      "resolved": "https://registry.npmjs.org/graceful-fs/-/graceful-fs-4.2.6.tgz",
      "integrity": "sha512-nTnJ528pbqxYanhpDYsi4Rd8MAeaBA67+RZ10CM1m3bTAVFEDcd5AuA4a6W5YkGZ1iNXHzZz8T6TBKLeBuNriQ=="
    },
    "jsonfile": {
      "version": "5.0.0",
      "resolved": "https://registry.npmjs.org/jsonfile/-/jsonfile-5.0.0.tgz",
      "integrity": "sha512-NQRZ5CRo74MhMMC3/3r5g2k4fjodJ/wh8MxjFbCViWKFjxrnudWSY5vomh+23ZaXzAS7J3fBZIR2dV6WbmfM0w==",
      "requires": {
        "graceful-fs": "^4.1.6",
        "universalify": "^0.1.2"
      }
    },
    "merge": {
      "version": "1.2.1",
      "resolved": "https://registry.npmjs.org/merge/-/merge-1.2.1.tgz",
      "integrity": "sha512-VjFo4P5Whtj4vsLzsYBu5ayHhoHJ0UqNm7ibvShmbmoz7tGi0vXaoJbGdB+GmDMLUdg8DpQXEIeVDAe8MaABvQ==",
      "dev": true
    },
    "minimist": {
      "version": "1.2.5",
      "resolved": "https://registry.npmjs.org/minimist/-/minimist-1.2.5.tgz",
      "integrity": "sha512-FM9nNUYrRBAELZQT3xeZQ7fmMOBg6nWNmJKTcgsJeaLstP/UODVpGsr5OhXhhXg6f+qtJ8uiZ+PUxkDWcgIXLw==",
      "dev": true
    },
    "regenerator-runtime": {
      "version": "0.12.1",
      "resolved": "https://registry.npmjs.org/regenerator-runtime/-/regenerator-runtime-0.12.1.tgz",
      "integrity": "sha512-odxIc1/vDlo4iZcfXqRYFj0vpXFNoGdKMAUieAlFYO6m/nl5e9KR/beGf41z4a1FI+aQgtjhuaSlDxQ0hmkrHg=="
    },
    "scrollparent": {
      "version": "2.0.1",
      "resolved": "https://registry.npmjs.org/scrollparent/-/scrollparent-2.0.1.tgz",
      "integrity": "sha1-cV1bnMV3YPsivczDvvtb/gaxoxc="
    },
    "twemoji": {
      "version": "13.0.2",
      "resolved": "https://registry.npmjs.org/twemoji/-/twemoji-13.0.2.tgz",
      "integrity": "sha512-R9tDS4pEVczjVYM5SvoAJ0AcZ4EgG1h3yw1oi1m/yrXOH17OOjaaRxZU4r5TIHEy3xYbuZQLB/tJZyC6rpQVmA==",
      "requires": {
        "fs-extra": "^8.0.1",
        "jsonfile": "^5.0.0",
        "twemoji-parser": "13.0.0",
        "universalify": "^0.1.2"
      }
    },
    "twemoji-parser": {
      "version": "13.0.0",
      "resolved": "https://registry.npmjs.org/twemoji-parser/-/twemoji-parser-13.0.0.tgz",
      "integrity": "sha512-zMaGdskpH8yKjT2RSE/HwE340R4Fm+fbie4AaqjDa4H/l07YUmAvxkSfNl6awVWNRRQ0zdzLQ8SAJZuY5MgstQ=="
    },
    "universalify": {
      "version": "0.1.2",
      "resolved": "https://registry.npmjs.org/universalify/-/universalify-0.1.2.tgz",
      "integrity": "sha512-rBJeI5CXAlmy1pV+617WB9J63U6XcazHHF2f2dbJix4XzpUF0RS3Zbj0FGIOCAva5P/d/GBOYaACQ1w+0azUkg=="
    },
    "vue-observe-visibility": {
      "version": "0.4.6",
      "resolved": "https://registry.npmjs.org/vue-observe-visibility/-/vue-observe-visibility-0.4.6.tgz",
      "integrity": "sha512-xo0CEVdkjSjhJoDdLSvoZoQrw/H2BlzB5jrCBKGZNXN2zdZgMuZ9BKrxXDjNP2AxlcCoKc8OahI3F3r3JGLv2Q=="
    },
    "vue-resize": {
      "version": "0.4.5",
      "resolved": "https://registry.npmjs.org/vue-resize/-/vue-resize-0.4.5.tgz",
      "integrity": "sha512-bhP7MlgJQ8TIkZJXAfDf78uJO+mEI3CaLABLjv0WNzr4CcGRGPIAItyWYnP6LsPA4Oq0WE+suidNs6dgpO4RHg=="
    },
    "vue-virtual-scroller": {
      "version": "1.0.10",
      "resolved": "https://registry.npmjs.org/vue-virtual-scroller/-/vue-virtual-scroller-1.0.10.tgz",
      "integrity": "sha512-Hn4qSBDhRY4XdngPioYy/ykDjrLX/NMm1fQXm/4UQQ/Xv1x8JbHGFZNftQowTcfICgN7yc31AKnUk1UGLJ2ndA==",
      "requires": {
        "scrollparent": "^2.0.1",
        "vue-observe-visibility": "^0.4.4",
        "vue-resize": "^0.4.5"
      }
    },
    "watch": {
      "version": "1.0.2",
      "resolved": "https://registry.npmjs.org/watch/-/watch-1.0.2.tgz",
      "integrity": "sha1-NApxe952Vyb6CqB9ch4BR6VR3ww=",
      "dev": true,
      "requires": {
        "exec-sh": "^0.2.0",
        "minimist": "^1.2.0"
      }
    }
  }
}
